
Microsoft Visual Studio Solution File, Format Version 12.00
# Visual Studio Version 16
VisualStudioVersion = 16.0.30114.105
MinimumVisualStudioVersion = 10.0.40219.1
Project("{FAE04EC0-301F-11D3-BF4B-00C04F79EFBC}") = "SharpXusb", "source\SharpXusb.csproj", "{EC5DF371-88BB-44AF-A3AC-F7F3BD869B64}"
EndProject
Project("{FAE04EC0-301F-11D3-BF4B-00C04F79EFBC}") = "SharpXusbTestApp", "testapp\SharpXusbTestApp.csproj", "{6EF963E3-62F0-4B8E-BD6A-9B51F0A48D57}"
EndProject
Global
	GlobalSection(SolutionConfigurationPlatforms) = preSolution
		Debug|Any CPU = Debug|Any CPU
		Release|Any CPU = Release|Any CPU
	EndGlobalSection
	GlobalSection(SolutionProperties) = preSolution
		HideSolutionNode = FALSE
	EndGlobalSection
	GlobalSection(ProjectConfigurationPlatforms) = postSolution
		{EC5DF371-88BB-44AF-A3AC-F7F3BD869B64}.Debug|Any CPU.ActiveCfg = Debug|Any CPU
		{EC5DF371-88BB-44AF-A3AC-F7F3BD869B64}.Debug|Any CPU.Build.0 = Debug|Any CPU
		{EC5DF371-88BB-44AF-A3AC-F7F3BD869B64}.Release|Any CPU.ActiveCfg = Release|Any CPU
		{EC5DF371-88BB-44AF-A3AC-F7F3BD869B64}.Release|Any CPU.Build.0 = Release|Any CPU
		{6EF963E3-62F0-4B8E-BD6A-9B51F0A48D57}.Debug|Any CPU.ActiveCfg = Debug|Any CPU
		{6EF963E3-62F0-4B8E-BD6A-9B51F0A48D57}.Debug|Any CPU.Build.0 = Debug|Any CPU
		{6EF963E3-62F0-4B8E-BD6A-9B51F0A48D57}.Release|Any CPU.ActiveCfg = Release|Any CPU
		{6EF963E3-62F0-4B8E-BD6A-9B51F0A48D57}.Release|Any CPU.Build.0 = Release|Any CPU
	EndGlobalSection
EndGlobal
